
Microsoft Visual Studio Solution File, Format Version 12.00
# Visual Studio 2013
VisualStudioVersion = 12.0.30723.0
MinimumVisualStudioVersion = 10.0.40219.1
Project("{8BC9CEB8-8B4A-11D0-8D11-00A0C91BC942}") = "Game", "Game\Game.vcxproj", "{38AA3099-ACF3-45A9-8CBA-68373002E9BE}"
	ProjectSection(ProjectDependencies) = postProject
		{FBAED7EC-A2E7-4562-A0F3-C635C8375C43} = {FBAED7EC-A2E7-4562-A0F3-C635C8375C43}
	EndProjectSection
EndProject
Project("{8BC9CEB8-8B4A-11D0-8D11-00A0C91BC942}") = "Engine", "Engine\Engine.vcxproj", "{FBAED7EC-A2E7-4562-A0F3-C635C8375C43}"
EndProject
Global
	GlobalSection(SolutionConfigurationPlatforms) = preSolution
		Debug|Win32 = Debug|Win32
		Release|Win32 = Release|Win32
	EndGlobalSection
	GlobalSection(ProjectConfigurationPlatforms) = postSolution
		{38AA3099-ACF3-45A9-8CBA-68373002E9BE}.Debug|Win32.ActiveCfg = Debug|Win32
		{38AA3099-ACF3-45A9-8CBA-68373002E9BE}.Debug|Win32.Build.0 = Debug|Win32
		{38AA3099-ACF3-45A9-8CBA-68373002E9BE}.Release|Win32.ActiveCfg = Release|Win32
		{38AA3099-ACF3-45A9-8CBA-68373002E9BE}.Release|Win32.Build.0 = Release|Win32
		{FBAED7EC-A2E7-4562-A0F3-C635C8375C43}.Debug|Win32.ActiveCfg = Debug|Win32
		{FBAED7EC-A2E7-4562-A0F3-C635C8375C43}.Debug|Win32.Build.0 = Debug|Win32
		{FBAED7EC-A2E7-4562-A0F3-C635C8375C43}.Release|Win32.ActiveCfg = Release|Win32
		{FBAED7EC-A2E7-4562-A0F3-C635C8375C43}.Release|Win32.Build.0 = Release|Win32
	EndGlobalSection
	GlobalSection(SolutionProperties) = preSolution
		HideSolutionNode = FALSE
	EndGlobalSection
	GlobalSection(Performance) = preSolution
		HasPerformanceSessions = true
	EndGlobalSection
EndGlobal
